Microsoft Visual Studio Solution File, Format Version 12.00
# Visual Studio 15
VisualStudioVersion = 15.0.27703.2000
MinimumVisualStudioVersion = 10.0.40219.1
Project("{8BC9CEB8-8B4A-11D0-8D11-00A0C91BC942}") = "12.1-Memory_Simulator", "12.1-Memory_Simulator\12.1-Memory_Simulator.vcxproj", "{FDD183A1-BD5A-4726-A1F8-1947E583A164}"
EndProject
Global
	GlobalSection(SolutionConfigurationPlatforms) = preSolution
		Debug|x64 = Debug|x64
		Debug|x86 = Debug|x86
		Release|x64 = Release|x64
		Release|x86 = Release|x86
	EndGlobalSection
	GlobalSection(ProjectConfigurationPlatforms) = postSolution
		{FDD183A1-BD5A-4726-A1F8-1947E583A164}.Debug|x64.ActiveCfg = Debug|x64
		{FDD183A1-BD5A-4726-A1F8-1947E583A164}.Debug|x64.Build.0 = Debug|x64
		{FDD183A1-BD5A-4726-A1F8-1947E583A164}.Debug|x86.ActiveCfg = Debug|Win32
		{FDD183A1-BD5A-4726-A1F8-1947E583A164}.Debug|x86.Build.0 = Debug|Win32
		{FDD183A1-BD5A-4726-A1F8-1947E583A164}.Release|x64.ActiveCfg = Release|x64
		{FDD183A1-BD5A-4726-A1F8-1947E583A164}.Release|x64.Build.0 = Release|x64
		{FDD183A1-BD5A-4726-A1F8-1947E583A164}.Release|x86.ActiveCfg = Release|Win32
		{FDD183A1-BD5A-4726-A1F8-1947E583A164}.Release|x86.Build.0 = Release|Win32
	EndGlobalSection
	GlobalSection(SolutionProperties) = preSolution
		HideSolutionNode = FALSE
	EndGlobalSection
	GlobalSection(ExtensibilityGlobals) = postSolution
		SolutionGuid = {C11BF4F8-3FD7-4F34-B10D-28A4F91B98EF}
	EndGlobalSection
EndGlobal
