Microsoft Visual Studio Solution File, Format Version 12.00
# Visual Studio 15
VisualStudioVersion = 15.0.27703.2000
MinimumVisualStudioVersion = 10.0.40219.1
Project("{8BC9CEB8-8B4A-11D0-8D11-00A0C91BC942}") = "6.1_Student Identify System_Lab", "6.1_Student Identify System_Lab\6.1_Student Identify System_Lab.vcxproj", "{EF726914-B876-4A9C-8703-95BE15E23CBD}"
EndProject
Project("{8BC9CEB8-8B4A-11D0-8D11-00A0C91BC942}") = "6.2_Student Info System_Lab", "6.2_Student Info System_Lab\6.2_Student Info System_Lab.vcxproj", "{11222FBF-44E6-4C78-AA1F-E26E87A1F22D}"
EndProject
Project("{8BC9CEB8-8B4A-11D0-8D11-00A0C91BC942}") = "6.3_Student Course System_Lab", "6.3_Student Course System_Lab\6.3_Student Course System_Lab.vcxproj", "{C2165ACA-54D0-4579-9969-B6AB4749A59A}"
EndProject
Global
	GlobalSection(SolutionConfigurationPlatforms) = preSolution
		Debug|x64 = Debug|x64
		Debug|x86 = Debug|x86
		Release|x64 = Release|x64
		Release|x86 = Release|x86
	EndGlobalSection
	GlobalSection(ProjectConfigurationPlatforms) = postSolution
		{EF726914-B876-4A9C-8703-95BE15E23CBD}.Debug|x64.ActiveCfg = Debug|x64
		{EF726914-B876-4A9C-8703-95BE15E23CBD}.Debug|x64.Build.0 = Debug|x64
		{EF726914-B876-4A9C-8703-95BE15E23CBD}.Debug|x86.ActiveCfg = Debug|Win32
		{EF726914-B876-4A9C-8703-95BE15E23CBD}.Debug|x86.Build.0 = Debug|Win32
		{EF726914-B876-4A9C-8703-95BE15E23CBD}.Release|x64.ActiveCfg = Release|x64
		{EF726914-B876-4A9C-8703-95BE15E23CBD}.Release|x64.Build.0 = Release|x64
		{EF726914-B876-4A9C-8703-95BE15E23CBD}.Release|x86.ActiveCfg = Release|Win32
		{EF726914-B876-4A9C-8703-95BE15E23CBD}.Release|x86.Build.0 = Release|Win32
		{11222FBF-44E6-4C78-AA1F-E26E87A1F22D}.Debug|x64.ActiveCfg = Debug|x64
		{11222FBF-44E6-4C78-AA1F-E26E87A1F22D}.Debug|x64.Build.0 = Debug|x64
		{11222FBF-44E6-4C78-AA1F-E26E87A1F22D}.Debug|x86.ActiveCfg = Debug|Win32
		{11222FBF-44E6-4C78-AA1F-E26E87A1F22D}.Debug|x86.Build.0 = Debug|Win32
		{11222FBF-44E6-4C78-AA1F-E26E87A1F22D}.Release|x64.ActiveCfg = Release|x64
		{11222FBF-44E6-4C78-AA1F-E26E87A1F22D}.Release|x64.Build.0 = Release|x64
		{11222FBF-44E6-4C78-AA1F-E26E87A1F22D}.Release|x86.ActiveCfg = Release|Win32
		{11222FBF-44E6-4C78-AA1F-E26E87A1F22D}.Release|x86.Build.0 = Release|Win32
		{C2165ACA-54D0-4579-9969-B6AB4749A59A}.Debug|x64.ActiveCfg = Debug|x64
		{C2165ACA-54D0-4579-9969-B6AB4749A59A}.Debug|x64.Build.0 = Debug|x64
		{C2165ACA-54D0-4579-9969-B6AB4749A59A}.Debug|x86.ActiveCfg = Debug|Win32
		{C2165ACA-54D0-4579-9969-B6AB4749A59A}.Debug|x86.Build.0 = Debug|Win32
		{C2165ACA-54D0-4579-9969-B6AB4749A59A}.Release|x64.ActiveCfg = Release|x64
		{C2165ACA-54D0-4579-9969-B6AB4749A59A}.Release|x64.Build.0 = Release|x64
		{C2165ACA-54D0-4579-9969-B6AB4749A59A}.Release|x86.ActiveCfg = Release|Win32
		{C2165ACA-54D0-4579-9969-B6AB4749A59A}.Release|x86.Build.0 = Release|Win32
	EndGlobalSection
	GlobalSection(SolutionProperties) = preSolution
		HideSolutionNode = FALSE
	EndGlobalSection
	GlobalSection(ExtensibilityGlobals) = postSolution
		SolutionGuid = {1A39EC2C-E99F-4A01-9AFC-5FE5E498069C}
	EndGlobalSection
EndGlobal
