Microsoft Visual Studio Solution File, Format Version 12.00
# Visual Studio 15
VisualStudioVersion = 15.0.27703.2000
MinimumVisualStudioVersion = 10.0.40219.1
Project("{8BC9CEB8-8B4A-11D0-8D11-00A0C91BC942}") = "11.1-Class_Inheritance", "11.1-Class_Inheritance\11.1-Class_Inheritance.vcxproj", "{DB80AF66-FD3B-4A96-9B81-B134ADD23275}"
EndProject
Project("{8BC9CEB8-8B4A-11D0-8D11-00A0C91BC942}") = "11.2-Matrix_Multiplication", "11.2-Matrix_Multiplication\11.2-Matrix_Multiplication.vcxproj", "{938CD9E7-9F12-4A5B-A795-5953978F2EB1}"
EndProject
Global
	GlobalSection(SolutionConfigurationPlatforms) = preSolution
		Debug|x64 = Debug|x64
		Debug|x86 = Debug|x86
		Release|x64 = Release|x64
		Release|x86 = Release|x86
	EndGlobalSection
	GlobalSection(ProjectConfigurationPlatforms) = postSolution
		{DB80AF66-FD3B-4A96-9B81-B134ADD23275}.Debug|x64.ActiveCfg = Debug|x64
		{DB80AF66-FD3B-4A96-9B81-B134ADD23275}.Debug|x64.Build.0 = Debug|x64
		{DB80AF66-FD3B-4A96-9B81-B134ADD23275}.Debug|x86.ActiveCfg = Debug|Win32
		{DB80AF66-FD3B-4A96-9B81-B134ADD23275}.Debug|x86.Build.0 = Debug|Win32
		{DB80AF66-FD3B-4A96-9B81-B134ADD23275}.Release|x64.ActiveCfg = Release|x64
		{DB80AF66-FD3B-4A96-9B81-B134ADD23275}.Release|x64.Build.0 = Release|x64
		{DB80AF66-FD3B-4A96-9B81-B134ADD23275}.Release|x86.ActiveCfg = Release|Win32
		{DB80AF66-FD3B-4A96-9B81-B134ADD23275}.Release|x86.Build.0 = Release|Win32
		{938CD9E7-9F12-4A5B-A795-5953978F2EB1}.Debug|x64.ActiveCfg = Debug|x64
		{938CD9E7-9F12-4A5B-A795-5953978F2EB1}.Debug|x64.Build.0 = Debug|x64
		{938CD9E7-9F12-4A5B-A795-5953978F2EB1}.Debug|x86.ActiveCfg = Debug|Win32
		{938CD9E7-9F12-4A5B-A795-5953978F2EB1}.Debug|x86.Build.0 = Debug|Win32
		{938CD9E7-9F12-4A5B-A795-5953978F2EB1}.Release|x64.ActiveCfg = Release|x64
		{938CD9E7-9F12-4A5B-A795-5953978F2EB1}.Release|x64.Build.0 = Release|x64
		{938CD9E7-9F12-4A5B-A795-5953978F2EB1}.Release|x86.ActiveCfg = Release|Win32
		{938CD9E7-9F12-4A5B-A795-5953978F2EB1}.Release|x86.Build.0 = Release|Win32
	EndGlobalSection
	GlobalSection(SolutionProperties) = preSolution
		HideSolutionNode = FALSE
	EndGlobalSection
	GlobalSection(ExtensibilityGlobals) = postSolution
		SolutionGuid = {A197C906-74DE-466C-873F-4B154FD81767}
	EndGlobalSection
EndGlobal
