Microsoft Visual Studio Solution File, Format Version 12.00
# Visual Studio 15
VisualStudioVersion = 15.0.27703.2000
MinimumVisualStudioVersion = 10.0.40219.1
Project("{8BC9CEB8-8B4A-11D0-8D11-00A0C91BC942}") = "7.1-Form_Word", "7.1-Form_Word\7.1-Form_Word.vcxproj", "{BA74202F-E83C-471E-80BB-B9CBFEED1B7E}"
EndProject
Project("{8BC9CEB8-8B4A-11D0-8D11-00A0C91BC942}") = "7.2-Array_To_Integer", "7.2-Array_To_Integer\7.2-Array_To_Integer.vcxproj", "{622C22AC-2B4E-4878-B6D8-7E4C26B6D685}"
EndProject
Global
	GlobalSection(SolutionConfigurationPlatforms) = preSolution
		Debug|x64 = Debug|x64
		Debug|x86 = Debug|x86
		Release|x64 = Release|x64
		Release|x86 = Release|x86
	EndGlobalSection
	GlobalSection(ProjectConfigurationPlatforms) = postSolution
		{BA74202F-E83C-471E-80BB-B9CBFEED1B7E}.Debug|x64.ActiveCfg = Debug|x64
		{BA74202F-E83C-471E-80BB-B9CBFEED1B7E}.Debug|x64.Build.0 = Debug|x64
		{BA74202F-E83C-471E-80BB-B9CBFEED1B7E}.Debug|x86.ActiveCfg = Debug|Win32
		{BA74202F-E83C-471E-80BB-B9CBFEED1B7E}.Debug|x86.Build.0 = Debug|Win32
		{BA74202F-E83C-471E-80BB-B9CBFEED1B7E}.Release|x64.ActiveCfg = Release|x64
		{BA74202F-E83C-471E-80BB-B9CBFEED1B7E}.Release|x64.Build.0 = Release|x64
		{BA74202F-E83C-471E-80BB-B9CBFEED1B7E}.Release|x86.ActiveCfg = Release|Win32
		{BA74202F-E83C-471E-80BB-B9CBFEED1B7E}.Release|x86.Build.0 = Release|Win32
		{622C22AC-2B4E-4878-B6D8-7E4C26B6D685}.Debug|x64.ActiveCfg = Debug|x64
		{622C22AC-2B4E-4878-B6D8-7E4C26B6D685}.Debug|x64.Build.0 = Debug|x64
		{622C22AC-2B4E-4878-B6D8-7E4C26B6D685}.Debug|x86.ActiveCfg = Debug|Win32
		{622C22AC-2B4E-4878-B6D8-7E4C26B6D685}.Debug|x86.Build.0 = Debug|Win32
		{622C22AC-2B4E-4878-B6D8-7E4C26B6D685}.Release|x64.ActiveCfg = Release|x64
		{622C22AC-2B4E-4878-B6D8-7E4C26B6D685}.Release|x64.Build.0 = Release|x64
		{622C22AC-2B4E-4878-B6D8-7E4C26B6D685}.Release|x86.ActiveCfg = Release|Win32
		{622C22AC-2B4E-4878-B6D8-7E4C26B6D685}.Release|x86.Build.0 = Release|Win32
	EndGlobalSection
	GlobalSection(SolutionProperties) = preSolution
		HideSolutionNode = FALSE
	EndGlobalSection
	GlobalSection(ExtensibilityGlobals) = postSolution
		SolutionGuid = {2EC240DF-55BE-4B1E-9578-FD06296C426A}
	EndGlobalSection
EndGlobal
