Microsoft Visual Studio Solution File, Format Version 12.00
# Visual Studio 15
VisualStudioVersion = 15.0.27703.2000
MinimumVisualStudioVersion = 10.0.40219.1
Project("{8BC9CEB8-8B4A-11D0-8D11-00A0C91BC942}") = "9.1-TheTranslationMachine", "9.1-TheTranslationMachine\9.1-TheTranslationMachine.vcxproj", "{99726D18-C4A4-4438-A336-6FEAF98DB287}"
EndProject
Project("{8BC9CEB8-8B4A-11D0-8D11-00A0C91BC942}") = "9.2-Namespace", "9.2-Namespace\9.2-Namespace.vcxproj", "{807A3A63-925D-438C-802E-BC18A993D11E}"
EndProject
Global
	GlobalSection(SolutionConfigurationPlatforms) = preSolution
		Debug|x64 = Debug|x64
		Debug|x86 = Debug|x86
		Release|x64 = Release|x64
		Release|x86 = Release|x86
	EndGlobalSection
	GlobalSection(ProjectConfigurationPlatforms) = postSolution
		{99726D18-C4A4-4438-A336-6FEAF98DB287}.Debug|x64.ActiveCfg = Debug|x64
		{99726D18-C4A4-4438-A336-6FEAF98DB287}.Debug|x64.Build.0 = Debug|x64
		{99726D18-C4A4-4438-A336-6FEAF98DB287}.Debug|x86.ActiveCfg = Debug|Win32
		{99726D18-C4A4-4438-A336-6FEAF98DB287}.Debug|x86.Build.0 = Debug|Win32
		{99726D18-C4A4-4438-A336-6FEAF98DB287}.Release|x64.ActiveCfg = Release|x64
		{99726D18-C4A4-4438-A336-6FEAF98DB287}.Release|x64.Build.0 = Release|x64
		{99726D18-C4A4-4438-A336-6FEAF98DB287}.Release|x86.ActiveCfg = Release|Win32
		{99726D18-C4A4-4438-A336-6FEAF98DB287}.Release|x86.Build.0 = Release|Win32
		{807A3A63-925D-438C-802E-BC18A993D11E}.Debug|x64.ActiveCfg = Debug|x64
		{807A3A63-925D-438C-802E-BC18A993D11E}.Debug|x64.Build.0 = Debug|x64
		{807A3A63-925D-438C-802E-BC18A993D11E}.Debug|x86.ActiveCfg = Debug|Win32
		{807A3A63-925D-438C-802E-BC18A993D11E}.Debug|x86.Build.0 = Debug|Win32
		{807A3A63-925D-438C-802E-BC18A993D11E}.Release|x64.ActiveCfg = Release|x64
		{807A3A63-925D-438C-802E-BC18A993D11E}.Release|x64.Build.0 = Release|x64
		{807A3A63-925D-438C-802E-BC18A993D11E}.Release|x86.ActiveCfg = Release|Win32
		{807A3A63-925D-438C-802E-BC18A993D11E}.Release|x86.Build.0 = Release|Win32
	EndGlobalSection
	GlobalSection(SolutionProperties) = preSolution
		HideSolutionNode = FALSE
	EndGlobalSection
	GlobalSection(ExtensibilityGlobals) = postSolution
		SolutionGuid = {F59D8113-FD53-40E6-808C-91AE07A0DC46}
	EndGlobalSection
EndGlobal
